// !$*UTF8*$!
{
	archiveVersion = 1;
	classes = {
	};
	objectVersion = 60;
	objects = {

/* Begin PBXBuildFile section */
		AA000001 /* GestureApp.swift in Sources */         = {isa = PBXBuildFile; fileRef = AA100001; };
		AA000002 /* Models.swift in Sources */             = {isa = PBXBuildFile; fileRef = AA100002; };
		AA000003 /* MenuBarView.swift in Sources */        = {isa = PBXBuildFile; fileRef = AA100003; };
		AA000004 /* PreferencesWindow.swift in Sources */  = {isa = PBXBuildFile; fileRef = AA100004; };
		AA000005 /* GesturesTab.swift in Sources */        = {isa = PBXBuildFile; fileRef = AA100005; };
		AA000006 /* TuningTab.swift in Sources */          = {isa = PBXBuildFile; fileRef = AA100006; };
		AA000007 /* GeneralTab.swift in Sources */         = {isa = PBXBuildFile; fileRef = AA100007; };
		AA000008 /* ConfigurationTab.swift in Sources */   = {isa = PBXBuildFile; fileRef = AA100008; };
		AA000009 /* Assets.xcassets in Resources */        = {isa = PBXBuildFile; fileRef = AA100009; };
		AA000010 /* GestureEngine.swift in Sources */      = {isa = PBXBuildFile; fileRef = AA100010; };
		AA000011 /* ActionExecutor.swift in Sources */     = {isa = PBXBuildFile; fileRef = AA100011; };
		AA000012 /* MultitouchBridge.swift in Sources */   = {isa = PBXBuildFile; fileRef = AA100012; };
/* End PBXBuildFile section */

/* Begin PBXFileReference section */
		AA100001 /* GestureApp.swift */         = {isa = PBXFileReference; lastKnownFileType = sourcecode.swift; path = GestureApp.swift; sourceTree = "<group>"; };
		AA100002 /* Models.swift */             = {isa = PBXFileReference; lastKnownFileType = sourcecode.swift; path = Models.swift; sourceTree = "<group>"; };
		AA100003 /* MenuBarView.swift */        = {isa = PBXFileReference; lastKnownFileType = sourcecode.swift; path = MenuBarView.swift; sourceTree = "<group>"; };
		AA100004 /* PreferencesWindow.swift */  = {isa = PBXFileReference; lastKnownFileType = sourcecode.swift; path = PreferencesWindow.swift; sourceTree = "<group>"; };
		AA100005 /* GesturesTab.swift */        = {isa = PBXFileReference; lastKnownFileType = sourcecode.swift; path = GesturesTab.swift; sourceTree = "<group>"; };
		AA100006 /* TuningTab.swift */          = {isa = PBXFileReference; lastKnownFileType = sourcecode.swift; path = TuningTab.swift; sourceTree = "<group>"; };
		AA100007 /* GeneralTab.swift */         = {isa = PBXFileReference; lastKnownFileType = sourcecode.swift; path = GeneralTab.swift; sourceTree = "<group>"; };
		AA100008 /* ConfigurationTab.swift */   = {isa = PBXFileReference; lastKnownFileType = sourcecode.swift; path = ConfigurationTab.swift; sourceTree = "<group>"; };
		AA100009 /* Assets.xcassets */          = {isa = PBXFileReference; lastKnownFileType = folder.assetcatalog; path = Assets.xcassets; sourceTree = "<group>"; };
		AA100010 /* GestureEngine.swift */      = {isa = PBXFileReference; lastKnownFileType = sourcecode.swift; path = GestureEngine.swift; sourceTree = "<group>"; };
		AA100011 /* ActionExecutor.swift */     = {isa = PBXFileReference; lastKnownFileType = sourcecode.swift; path = ActionExecutor.swift; sourceTree = "<group>"; };
		AA100012 /* MultitouchBridge.swift */   = {isa = PBXFileReference; lastKnownFileType = sourcecode.swift; path = MultitouchBridge.swift; sourceTree = "<group>"; };
		AA100013 /* Info.plist */               = {isa = PBXFileReference; lastKnownFileType = text.plist.xml; path = Info.plist; sourceTree = "<group>"; };
		AA100014 /* Gesture.entitlements */     = {isa = PBXFileReference; lastKnownFileType = text.plist.entitlements; path = Gesture.entitlements; sourceTree = "<group>"; };
		AA200001 /* Gesture.app */              = {isa = PBXFileReference; explicitFileType = wrapper.application; includeInIndex = 0; path = Gesture.app; sourceTree = BUILT_PRODUCTS_DIR; };
/* End PBXFileReference section */

/* Begin PBXFrameworksBuildPhase section */
		AA300001 /* Frameworks */ = {
			isa = PBXFrameworksBuildPhase;
			buildActionMask = 2147483647;
			files = ();
			runOnlyForDeploymentPostprocessing = 0;
		};
/* End PBXFrameworksBuildPhase section */

/* Begin PBXGroup section */
		AA400001 /* Products */ = {
			isa = PBXGroup;
			children = (AA200001,);
			name = Products;
			sourceTree = "<group>";
		};
		AA400002 = {
			isa = PBXGroup;
			children = (AA400003, AA400001,);
			sourceTree = "<group>";
		};
		AA400003 /* Gesture */ = {
			isa = PBXGroup;
			children = (
				AA100001,
				AA100002,
				AA100003,
				AA100004,
				AA100005,
				AA100006,
				AA100007,
				AA100008,
				AA100010,
				AA100011,
				AA100012,
				AA100009,
				AA100013,
				AA100014,
			);
			path = Gesture;
			sourceTree = "<group>";
		};
/* End PBXGroup section */

/* Begin PBXNativeTarget section */
		AA500001 /* Gesture */ = {
			isa = PBXNativeTarget;
			buildConfigurationList = AA600003;
			buildPhases = (AA700001, AA300001, AA700002,);
			buildRules = ();
			dependencies = ();
			name = Gesture;
			productInstallPath = "$(HOME)/Applications";
			productName = Gesture;
			productReference = AA200001;
			productType = "com.apple.product-type.application";
		};
/* End PBXNativeTarget section */

/* Begin PBXProject section */
		AA800001 /* Project object */ = {
			isa = PBXProject;
			attributes = {
				BuildIndependentTargetsInParallel = 1;
				LastSwiftUpdateCheck = 1600;
				LastUpgradeCheck = 1600;
				TargetAttributes = { AA500001 = { CreatedOnToolsVersion = 16.0; }; };
			};
			buildConfigurationList = AA600001;
			compatibilityVersion = "Xcode 14.0";
			developmentRegion = en;
			hasScannedForEncodings = 0;
			knownRegions = (en, Base,);
			mainGroup = AA400002;
			productRefGroup = AA400001;
			projectDirPath = "";
			projectRoot = "";
			targets = (AA500001,);
		};
/* End PBXProject section */

/* Begin PBXResourcesBuildPhase section */
		AA700002 /* Resources */ = {
			isa = PBXResourcesBuildPhase;
			buildActionMask = 2147483647;
			files = (AA000009,);
			runOnlyForDeploymentPostprocessing = 0;
		};
/* End PBXResourcesBuildPhase section */

/* Begin PBXSourcesBuildPhase section */
		AA700001 /* Sources */ = {
			isa = PBXSourcesBuildPhase;
			buildActionMask = 2147483647;
			files = (
				AA000001,
				AA000002,
				AA000003,
				AA000004,
				AA000005,
				AA000006,
				AA000007,
				AA000008,
				AA000010,
				AA000011,
				AA000012,
			);
			runOnlyForDeploymentPostprocessing = 0;
		};
/* End PBXSourcesBuildPhase section */

/* Begin XCBuildConfiguration section */
		AA600004 /* Debug */ = {
			isa = XCBuildConfiguration;
			buildSettings = {
				ALWAYS_SEARCH_USER_PATHS = NO;
				CLANG_ENABLE_MODULES = YES;
				CLANG_ENABLE_OBJC_ARC = YES;
				COPY_PHASE_STRIP = NO;
				DEBUG_INFORMATION_FORMAT = dwarf;
				GCC_OPTIMIZATION_LEVEL = 0;
				GCC_PREPROCESSOR_DEFINITIONS = ("DEBUG=1", "$(inherited)",);
				MACOSX_DEPLOYMENT_TARGET = 14.0;
				ONLY_ACTIVE_ARCH = YES;
				SDKROOT = macosx;
				SWIFT_ACTIVE_COMPILATION_CONDITIONS = "DEBUG $(inherited)";
				SWIFT_OPTIMIZATION_LEVEL = "-Onone";
				GCC_WARN_ABOUT_RETURN_TYPE = YES_ERROR;
				SWIFT_VERSION = 5.0;
			};
			name = Debug;
		};
		AA600005 /* Release */ = {
			isa = XCBuildConfiguration;
			buildSettings = {
				ALWAYS_SEARCH_USER_PATHS = NO;
				CLANG_ENABLE_MODULES = YES;
				CLANG_ENABLE_OBJC_ARC = YES;
				COPY_PHASE_STRIP = NO;
				DEBUG_INFORMATION_FORMAT = "dwarf-with-dsym";
				ENABLE_NS_ASSERTIONS = NO;
				MACOSX_DEPLOYMENT_TARGET = 14.0;
				SDKROOT = macosx;
				SWIFT_COMPILATION_MODE = wholemodule;
				SWIFT_VERSION = 5.0;
			};
			name = Release;
		};
		AA600006 /* Debug */ = {
			isa = XCBuildConfiguration;
			buildSettings = {
				ASSETCATALOG_COMPILER_APPICON_NAME = AppIcon;
				ASSETCATALOG_COMPILER_GLOBAL_ACCENT_COLOR_NAME = AccentColor;
				CODE_SIGN_ENTITLEMENTS = Gesture/Gesture.entitlements;
				CODE_SIGN_STYLE = Automatic;
				COMBINE_HIDPI_IMAGES = YES;
				CURRENT_PROJECT_VERSION = 1;
				ENABLE_HARDENED_RUNTIME = YES;
				GENERATE_INFOPLIST_FILE = NO;
				INFOPLIST_FILE = Gesture/Info.plist;
				MARKETING_VERSION = 1.0;
				PRODUCT_BUNDLE_IDENTIFIER = com.gesture.app;
				PRODUCT_NAME = Gesture;
				SWIFT_EMIT_LOC_STRINGS = YES;
				SWIFT_VERSION = 5.0;
			};
			name = Debug;
		};
		AA600007 /* Release */ = {
			isa = XCBuildConfiguration;
			buildSettings = {
				ASSETCATALOG_COMPILER_APPICON_NAME = AppIcon;
				ASSETCATALOG_COMPILER_GLOBAL_ACCENT_COLOR_NAME = AccentColor;
				CODE_SIGN_ENTITLEMENTS = Gesture/Gesture.entitlements;
				CODE_SIGN_STYLE = Automatic;
				COMBINE_HIDPI_IMAGES = YES;
				CURRENT_PROJECT_VERSION = 1;
				ENABLE_HARDENED_RUNTIME = YES;
				GENERATE_INFOPLIST_FILE = NO;
				INFOPLIST_FILE = Gesture/Info.plist;
				MARKETING_VERSION = 1.0;
				PRODUCT_BUNDLE_IDENTIFIER = com.gesture.app;
				PRODUCT_NAME = Gesture;
				SWIFT_EMIT_LOC_STRINGS = YES;
				SWIFT_VERSION = 5.0;
			};
			name = Release;
		};
/* End XCBuildConfiguration section */

/* Begin XCConfigurationList section */
		AA600001 = {
			isa = XCConfigurationList;
			buildConfigurations = (AA600004, AA600005,);
			defaultConfigurationIsVisible = 0;
			defaultConfigurationName = Release;
		};
		AA600003 = {
			isa = XCConfigurationList;
			buildConfigurations = (AA600006, AA600007,);
			defaultConfigurationIsVisible = 0;
			defaultConfigurationName = Release;
		};
/* End XCConfigurationList section */

	};
	rootObject = AA800001;
}
